
Microsoft Visual Studio Solution File, Format Version 12.00
# Visual Studio Version 17
VisualStudioVersion = 17.0.32014.148
MinimumVisualStudioVersion = 10.0.40219.1
Project("{FAE04EC0-301F-11D3-BF4B-00C04F79EFBC}") = "17", "17\17.csproj", "{7DE7FB70-7F03-4E3C-9F12-C9E33EF8A78A}"
EndProject
Global
	GlobalSection(SolutionConfigurationPlatforms) = preSolution
		Debug|Any CPU = Debug|Any CPU
		Release|Any CPU = Release|Any CPU
	EndGlobalSection
	GlobalSection(ProjectConfigurationPlatforms) = postSolution
		{7DE7FB70-7F03-4E3C-9F12-C9E33EF8A78A}.Debug|Any CPU.ActiveCfg = Debug|Any CPU
		{7DE7FB70-7F03-4E3C-9F12-C9E33EF8A78A}.Debug|Any CPU.Build.0 = Debug|Any CPU
		{7DE7FB70-7F03-4E3C-9F12-C9E33EF8A78A}.Release|Any CPU.ActiveCfg = Release|Any CPU
		{7DE7FB70-7F03-4E3C-9F12-C9E33EF8A78A}.Release|Any CPU.Build.0 = Release|Any CPU
	EndGlobalSection
	GlobalSection(SolutionProperties) = preSolution
		HideSolutionNode = FALSE
	EndGlobalSection
	GlobalSection(ExtensibilityGlobals) = postSolution
		SolutionGuid = {8F366F01-3F3D-4F95-9E4C-77E57F48B947}
	EndGlobalSection
EndGlobal
